
Microsoft Visual Studio Solution File, Format Version 12.00
# Visual Studio 15
VisualStudioVersion = 15.0.28307.136
MinimumVisualStudioVersion = 10.0.40219.1
Project("{8BC9CEB8-8B4A-11D0-8D11-00A0C91BC942}") = "Array", "Array\Array.vcxproj", "{EC0B9839-1DFC-4A21-9174-04FFEA7FD6C0}"
EndProject
Project("{8BC9CEB8-8B4A-11D0-8D11-00A0C91BC942}") = "Selection_sort", "Selection_sort\Selection_sort.vcxproj", "{B3EC5A29-574A-4C53-A1DA-CFCF836DE613}"
EndProject
Project("{8BC9CEB8-8B4A-11D0-8D11-00A0C91BC942}") = "symbolic_constant", "symbolic_constant\symbolic_constant.vcxproj", "{01C2496B-973F-47C2-957F-27546489E6A3}"
EndProject
Global
	GlobalSection(SolutionConfigurationPlatforms) = preSolution
		Debug|x64 = Debug|x64
		Debug|x86 = Debug|x86
		Release|x64 = Release|x64
		Release|x86 = Release|x86
	EndGlobalSection
	GlobalSection(ProjectConfigurationPlatforms) = postSolution
		{EC0B9839-1DFC-4A21-9174-04FFEA7FD6C0}.Debug|x64.ActiveCfg = Debug|x64
		{EC0B9839-1DFC-4A21-9174-04FFEA7FD6C0}.Debug|x64.Build.0 = Debug|x64
		{EC0B9839-1DFC-4A21-9174-04FFEA7FD6C0}.Debug|x86.ActiveCfg = Debug|Win32
		{EC0B9839-1DFC-4A21-9174-04FFEA7FD6C0}.Debug|x86.Build.0 = Debug|Win32
		{EC0B9839-1DFC-4A21-9174-04FFEA7FD6C0}.Release|x64.ActiveCfg = Release|x64
		{EC0B9839-1DFC-4A21-9174-04FFEA7FD6C0}.Release|x64.Build.0 = Release|x64
		{EC0B9839-1DFC-4A21-9174-04FFEA7FD6C0}.Release|x86.ActiveCfg = Release|Win32
		{EC0B9839-1DFC-4A21-9174-04FFEA7FD6C0}.Release|x86.Build.0 = Release|Win32
		{B3EC5A29-574A-4C53-A1DA-CFCF836DE613}.Debug|x64.ActiveCfg = Debug|x64
		{B3EC5A29-574A-4C53-A1DA-CFCF836DE613}.Debug|x64.Build.0 = Debug|x64
		{B3EC5A29-574A-4C53-A1DA-CFCF836DE613}.Debug|x86.ActiveCfg = Debug|Win32
		{B3EC5A29-574A-4C53-A1DA-CFCF836DE613}.Debug|x86.Build.0 = Debug|Win32
		{B3EC5A29-574A-4C53-A1DA-CFCF836DE613}.Release|x64.ActiveCfg = Release|x64
		{B3EC5A29-574A-4C53-A1DA-CFCF836DE613}.Release|x64.Build.0 = Release|x64
		{B3EC5A29-574A-4C53-A1DA-CFCF836DE613}.Release|x86.ActiveCfg = Release|Win32
		{B3EC5A29-574A-4C53-A1DA-CFCF836DE613}.Release|x86.Build.0 = Release|Win32
		{01C2496B-973F-47C2-957F-27546489E6A3}.Debug|x64.ActiveCfg = Debug|x64
		{01C2496B-973F-47C2-957F-27546489E6A3}.Debug|x64.Build.0 = Debug|x64
		{01C2496B-973F-47C2-957F-27546489E6A3}.Debug|x86.ActiveCfg = Debug|Win32
		{01C2496B-973F-47C2-957F-27546489E6A3}.Debug|x86.Build.0 = Debug|Win32
		{01C2496B-973F-47C2-957F-27546489E6A3}.Release|x64.ActiveCfg = Release|x64
		{01C2496B-973F-47C2-957F-27546489E6A3}.Release|x64.Build.0 = Release|x64
		{01C2496B-973F-47C2-957F-27546489E6A3}.Release|x86.ActiveCfg = Release|Win32
		{01C2496B-973F-47C2-957F-27546489E6A3}.Release|x86.Build.0 = Release|Win32
	EndGlobalSection
	GlobalSection(SolutionProperties) = preSolution
		HideSolutionNode = FALSE
	EndGlobalSection
	GlobalSection(ExtensibilityGlobals) = postSolution
		SolutionGuid = {F6C9022D-19DE-40F8-9300-3F291C33BE1C}
	EndGlobalSection
EndGlobal
